
Microsoft Visual Studio Solution File, Format Version 12.00
# Visual Studio Version 16
VisualStudioVersion = 16.0.31729.503
MinimumVisualStudioVersion = 10.0.40219.1
Project("{FAE04EC0-301F-11D3-BF4B-00C04F79EFBC}") = "WebFundamentals", "WebFundamentals\WebFundamentals.csproj", "{84370E32-9F8F-44D8-8F32-83B6FFB1182D}"
EndProject
Global
	GlobalSection(SolutionConfigurationPlatforms) = preSolution
		Debug|Any CPU = Debug|Any CPU
		Release|Any CPU = Release|Any CPU
	EndGlobalSection
	GlobalSection(ProjectConfigurationPlatforms) = postSolution
		{84370E32-9F8F-44D8-8F32-83B6FFB1182D}.Debug|Any CPU.ActiveCfg = Debug|Any CPU
		{84370E32-9F8F-44D8-8F32-83B6FFB1182D}.Debug|Any CPU.Build.0 = Debug|Any CPU
		{84370E32-9F8F-44D8-8F32-83B6FFB1182D}.Release|Any CPU.ActiveCfg = Release|Any CPU
		{84370E32-9F8F-44D8-8F32-83B6FFB1182D}.Release|Any CPU.Build.0 = Release|Any CPU
	EndGlobalSection
	GlobalSection(SolutionProperties) = preSolution
		HideSolutionNode = FALSE
	EndGlobalSection
	GlobalSection(ExtensibilityGlobals) = postSolution
		SolutionGuid = {4AC6FD70-E890-418C-A123-89FEF0C7ED70}
	EndGlobalSection
EndGlobal
